
Microsoft Visual Studio Solution File, Format Version 12.00
# Visual Studio Version 17
VisualStudioVersion = 17.0.32126.317
MinimumVisualStudioVersion = 10.0.40219.1
Project("{FAE04EC0-301F-11D3-BF4B-00C04F79EFBC}") = "Gitproj", "Gitproj.csproj", "{4A873331-0A49-401E-AFA7-9FC8B6F12D66}"
EndProject
Global
	GlobalSection(SolutionConfigurationPlatforms) = preSolution
		Debug|Any CPU = Debug|Any CPU
		Release|Any CPU = Release|Any CPU
	EndGlobalSection
	GlobalSection(ProjectConfigurationPlatforms) = postSolution
		{4A873331-0A49-401E-AFA7-9FC8B6F12D66}.Debug|Any CPU.ActiveCfg = Debug|Any CPU
		{4A873331-0A49-401E-AFA7-9FC8B6F12D66}.Debug|Any CPU.Build.0 = Debug|Any CPU
		{4A873331-0A49-401E-AFA7-9FC8B6F12D66}.Release|Any CPU.ActiveCfg = Release|Any CPU
		{4A873331-0A49-401E-AFA7-9FC8B6F12D66}.Release|Any CPU.Build.0 = Release|Any CPU
	EndGlobalSection
	GlobalSection(SolutionProperties) = preSolution
		HideSolutionNode = FALSE
	EndGlobalSection
	GlobalSection(ExtensibilityGlobals) = postSolution
		SolutionGuid = {084DFC8A-BF5A-4C90-AF57-A781961DD604}
	EndGlobalSection
EndGlobal
